
Microsoft Visual Studio Solution File, Format Version 12.00
# Visual Studio Version 17
VisualStudioVersion = 17.8.34330.188
MinimumVisualStudioVersion = 10.0.40219.1
Project("{2150E333-8FDC-42A3-9474-1A3956D46DE8}") = "ApiConsume", "ApiConsume", "{02EA681E-C7D8-13C7-8484-4AC65E1B71E8}"
EndProject
Project("{2150E333-8FDC-42A3-9474-1A3956D46DE8}") = "Frontend", "Frontend", "{4308D411-8223-4DA6-88FD-453E44A9FD74}"
EndProject
Project("{FAE04EC0-301F-11D3-BF4B-00C04F79EFBC}") = "HotelProject.WebApi", "ApiConsume\HotelProject.WebApi\HotelProject.WebApi.csproj", "{95E81CCF-0464-4CEB-97B7-A012FEAD8B96}"
EndProject
Project("{FAE04EC0-301F-11D3-BF4B-00C04F79EFBC}") = "HotelProject.EntityLayer", "ApiConsume\HotelProject.EntityLayer\HotelProject.EntityLayer.csproj", "{E617F245-380C-4D59-8330-F78F3B377AB4}"
EndProject
Project("{FAE04EC0-301F-11D3-BF4B-00C04F79EFBC}") = "HotelProject.DataAccessLayer", "ApiConsume\HotelProject.DataAccessLayer\HotelProject.DataAccessLayer.csproj", "{A35EEF73-D40D-458B-964B-1BAEFCC05D1F}"
EndProject
Project("{FAE04EC0-301F-11D3-BF4B-00C04F79EFBC}") = "HotelProject.BusinessLayer", "ApiConsume\HotelProject.BusinessLayer\HotelProject.BusinessLayer.csproj", "{203D7E06-17C0-408D-8A94-501B56AE84A2}"
EndProject
Project("{FAE04EC0-301F-11D3-BF4B-00C04F79EFBC}") = "HotelProject.DtoLayer", "ApiConsume\HotelProject.DtoLayer\HotelProject.DtoLayer.csproj", "{B91B4F15-D98A-4995-A616-5A29D639F438}"
EndProject
Project("{FAE04EC0-301F-11D3-BF4B-00C04F79EFBC}") = "HotelProject.UI", "Frontend\HotelProject.UI\HotelProject.UI.csproj", "{6B2043A3-7D89-4E82-872E-5B5BF0B01909}"
EndProject
Global
	GlobalSection(SolutionConfigurationPlatforms) = preSolution
		Debug|Any CPU = Debug|Any CPU
		Release|Any CPU = Release|Any CPU
	EndGlobalSection
	GlobalSection(ProjectConfigurationPlatforms) = postSolution
		{95E81CCF-0464-4CEB-97B7-A012FEAD8B96}.Debug|Any CPU.ActiveCfg = Debug|Any CPU
		{95E81CCF-0464-4CEB-97B7-A012FEAD8B96}.Debug|Any CPU.Build.0 = Debug|Any CPU
		{95E81CCF-0464-4CEB-97B7-A012FEAD8B96}.Release|Any CPU.ActiveCfg = Release|Any CPU
		{95E81CCF-0464-4CEB-97B7-A012FEAD8B96}.Release|Any CPU.Build.0 = Release|Any CPU
		{E617F245-380C-4D59-8330-F78F3B377AB4}.Debug|Any CPU.ActiveCfg = Debug|Any CPU
		{E617F245-380C-4D59-8330-F78F3B377AB4}.Debug|Any CPU.Build.0 = Debug|Any CPU
		{E617F245-380C-4D59-8330-F78F3B377AB4}.Release|Any CPU.ActiveCfg = Release|Any CPU
		{E617F245-380C-4D59-8330-F78F3B377AB4}.Release|Any CPU.Build.0 = Release|Any CPU
		{A35EEF73-D40D-458B-964B-1BAEFCC05D1F}.Debug|Any CPU.ActiveCfg = Debug|Any CPU
		{A35EEF73-D40D-458B-964B-1BAEFCC05D1F}.Debug|Any CPU.Build.0 = Debug|Any CPU
		{A35EEF73-D40D-458B-964B-1BAEFCC05D1F}.Release|Any CPU.ActiveCfg = Release|Any CPU
		{A35EEF73-D40D-458B-964B-1BAEFCC05D1F}.Release|Any CPU.Build.0 = Release|Any CPU
		{203D7E06-17C0-408D-8A94-501B56AE84A2}.Debug|Any CPU.ActiveCfg = Debug|Any CPU
		{203D7E06-17C0-408D-8A94-501B56AE84A2}.Debug|Any CPU.Build.0 = Debug|Any CPU
		{203D7E06-17C0-408D-8A94-501B56AE84A2}.Release|Any CPU.ActiveCfg = Release|Any CPU
		{203D7E06-17C0-408D-8A94-501B56AE84A2}.Release|Any CPU.Build.0 = Release|Any CPU
		{B91B4F15-D98A-4995-A616-5A29D639F438}.Debug|Any CPU.ActiveCfg = Debug|Any CPU
		{B91B4F15-D98A-4995-A616-5A29D639F438}.Debug|Any CPU.Build.0 = Debug|Any CPU
		{B91B4F15-D98A-4995-A616-5A29D639F438}.Release|Any CPU.ActiveCfg = Release|Any CPU
		{B91B4F15-D98A-4995-A616-5A29D639F438}.Release|Any CPU.Build.0 = Release|Any CPU
		{6B2043A3-7D89-4E82-872E-5B5BF0B01909}.Debug|Any CPU.ActiveCfg = Debug|Any CPU
		{6B2043A3-7D89-4E82-872E-5B5BF0B01909}.Debug|Any CPU.Build.0 = Debug|Any CPU
		{6B2043A3-7D89-4E82-872E-5B5BF0B01909}.Release|Any CPU.ActiveCfg = Release|Any CPU
		{6B2043A3-7D89-4E82-872E-5B5BF0B01909}.Release|Any CPU.Build.0 = Release|Any CPU
	EndGlobalSection
	GlobalSection(SolutionProperties) = preSolution
		HideSolutionNode = FALSE
	EndGlobalSection
	GlobalSection(NestedProjects) = preSolution
		{95E81CCF-0464-4CEB-97B7-A012FEAD8B96} = {02EA681E-C7D8-13C7-8484-4AC65E1B71E8}
		{E617F245-380C-4D59-8330-F78F3B377AB4} = {02EA681E-C7D8-13C7-8484-4AC65E1B71E8}
		{A35EEF73-D40D-458B-964B-1BAEFCC05D1F} = {02EA681E-C7D8-13C7-8484-4AC65E1B71E8}
		{203D7E06-17C0-408D-8A94-501B56AE84A2} = {02EA681E-C7D8-13C7-8484-4AC65E1B71E8}
		{B91B4F15-D98A-4995-A616-5A29D639F438} = {02EA681E-C7D8-13C7-8484-4AC65E1B71E8}
		{6B2043A3-7D89-4E82-872E-5B5BF0B01909} = {4308D411-8223-4DA6-88FD-453E44A9FD74}
	EndGlobalSection
	GlobalSection(ExtensibilityGlobals) = postSolution
		SolutionGuid = {5E7C785D-AB67-4F3E-B74D-0BD841AD250B}
	EndGlobalSection
EndGlobal
